
Microsoft Visual Studio Solution File, Format Version 12.00
# Visual Studio 2013
VisualStudioVersion = 12.0.21005.1
MinimumVisualStudioVersion = 10.0.40219.1
Project("{FAE04EC0-301F-11D3-BF4B-00C04F79EFBC}") = "LearnElasticsearch", "LearnElasticsearch\LearnElasticsearch.csproj", "{3B9ACDED-08A0-4859-A8C7-DDAD97ACA2D9}"
EndProject
Project("{FAE04EC0-301F-11D3-BF4B-00C04F79EFBC}") = "ShowHouse", "ShowHouse\ShowHouse.csproj", "{258A4970-098B-4964-8982-74DDEA3F9FC8}"
EndProject
Project("{FAE04EC0-301F-11D3-BF4B-00C04F79EFBC}") = "PullData", "PullData\PullData.csproj", "{7F9CEE61-E101-4B81-B5C4-9DB66115E875}"
EndProject
Global
	GlobalSection(SolutionConfigurationPlatforms) = preSolution
		Debug|Any CPU = Debug|Any CPU
		Release|Any CPU = Release|Any CPU
	EndGlobalSection
	GlobalSection(ProjectConfigurationPlatforms) = postSolution
		{3B9ACDED-08A0-4859-A8C7-DDAD97ACA2D9}.Debug|Any CPU.ActiveCfg = Debug|Any CPU
		{3B9ACDED-08A0-4859-A8C7-DDAD97ACA2D9}.Debug|Any CPU.Build.0 = Debug|Any CPU
		{3B9ACDED-08A0-4859-A8C7-DDAD97ACA2D9}.Release|Any CPU.ActiveCfg = Release|Any CPU
		{3B9ACDED-08A0-4859-A8C7-DDAD97ACA2D9}.Release|Any CPU.Build.0 = Release|Any CPU
		{258A4970-098B-4964-8982-74DDEA3F9FC8}.Debug|Any CPU.ActiveCfg = Debug|Any CPU
		{258A4970-098B-4964-8982-74DDEA3F9FC8}.Debug|Any CPU.Build.0 = Debug|Any CPU
		{258A4970-098B-4964-8982-74DDEA3F9FC8}.Release|Any CPU.ActiveCfg = Release|Any CPU
		{258A4970-098B-4964-8982-74DDEA3F9FC8}.Release|Any CPU.Build.0 = Release|Any CPU
		{7F9CEE61-E101-4B81-B5C4-9DB66115E875}.Debug|Any CPU.ActiveCfg = Debug|Any CPU
		{7F9CEE61-E101-4B81-B5C4-9DB66115E875}.Debug|Any CPU.Build.0 = Debug|Any CPU
		{7F9CEE61-E101-4B81-B5C4-9DB66115E875}.Release|Any CPU.ActiveCfg = Release|Any CPU
		{7F9CEE61-E101-4B81-B5C4-9DB66115E875}.Release|Any CPU.Build.0 = Release|Any CPU
	EndGlobalSection
	GlobalSection(SolutionProperties) = preSolution
		HideSolutionNode = FALSE
	EndGlobalSection
EndGlobal
